
Microsoft Visual Studio Solution File, Format Version 12.00
# Visual Studio Version 17
VisualStudioVersion = 17.7.34024.191
MinimumVisualStudioVersion = 10.0.40219.1
Project("{FAE04EC0-301F-11D3-BF4B-00C04F79EFBC}") = "backend_matriculas", "backend_matriculas\backend_matriculas.csproj", "{DF801EA8-5481-471A-A9CC-F326B7E665B0}"
EndProject
Global
	GlobalSection(SolutionConfigurationPlatforms) = preSolution
		Debug|Any CPU = Debug|Any CPU
		Release|Any CPU = Release|Any CPU
	EndGlobalSection
	GlobalSection(ProjectConfigurationPlatforms) = postSolution
		{DF801EA8-5481-471A-A9CC-F326B7E665B0}.Debug|Any CPU.ActiveCfg = Debug|Any CPU
		{DF801EA8-5481-471A-A9CC-F326B7E665B0}.Debug|Any CPU.Build.0 = Debug|Any CPU
		{DF801EA8-5481-471A-A9CC-F326B7E665B0}.Release|Any CPU.ActiveCfg = Release|Any CPU
		{DF801EA8-5481-471A-A9CC-F326B7E665B0}.Release|Any CPU.Build.0 = Release|Any CPU
	EndGlobalSection
	GlobalSection(SolutionProperties) = preSolution
		HideSolutionNode = FALSE
	EndGlobalSection
	GlobalSection(ExtensibilityGlobals) = postSolution
		SolutionGuid = {D37066DA-E584-4369-8EF6-E6B3A5F8B876}
	EndGlobalSection
EndGlobal
